{
    "name": "live-template",
    "version": "0.0.1",
    "lockfileVersion": 1,
    "requires": true,
    "dependencies": {
        "deep-observer": {
            "version": "1.1.7",
            "resolved": "https://registry.npmjs.org/deep-observer/-/deep-observer-1.1.7.tgz",
            "integrity": "sha512-BWjqwYjf0VGd9VvTfBayRVEh5/ZN3uo7fdlxJ9HsRFoxd53XcXXIg5FU/+ZMRdCJ6qnLPjrezRKNf2scrWyaGQ=="
        },
        "keypath-resolve": {
            "version": "1.2.2",
            "resolved": "https://registry.npmjs.org/keypath-resolve/-/keypath-resolve-1.2.2.tgz",
            "integrity": "sha512-qKDwNk7r6RHlRAww0/mxd2egw08H80aMdm64DBIRVDDu7hShUdHjs44ejJHjEecUwCccIXGv27G4/pGY6gJ7qQ=="
        }
    }
}
